
Microsoft Visual Studio Solution File, Format Version 12.00
# Visual Studio Version 16
VisualStudioVersion = 16.0.30104.148
MinimumVisualStudioVersion = 10.0.40219.1
Project("{F184B08F-C81C-45F6-A57F-5ABD9991F28F}") = "custom-components", "custom-components\custom-components.vbproj", "{0E0539D1-ED8F-4A12-A628-1F8C6842C2DF}"
EndProject
Global
	GlobalSection(SolutionConfigurationPlatforms) = preSolution
		Debug|Any CPU = Debug|Any CPU
		Release|Any CPU = Release|Any CPU
	EndGlobalSection
	GlobalSection(ProjectConfigurationPlatforms) = postSolution
		{0E0539D1-ED8F-4A12-A628-1F8C6842C2DF}.Debug|Any CPU.ActiveCfg = Debug|Any CPU
		{0E0539D1-ED8F-4A12-A628-1F8C6842C2DF}.Debug|Any CPU.Build.0 = Debug|Any CPU
		{0E0539D1-ED8F-4A12-A628-1F8C6842C2DF}.Release|Any CPU.ActiveCfg = Release|Any CPU
		{0E0539D1-ED8F-4A12-A628-1F8C6842C2DF}.Release|Any CPU.Build.0 = Release|Any CPU
	EndGlobalSection
	GlobalSection(SolutionProperties) = preSolution
		HideSolutionNode = FALSE
	EndGlobalSection
	GlobalSection(ExtensibilityGlobals) = postSolution
		SolutionGuid = {ED18B22F-99C0-46D5-86D7-26AFE0F19D4C}
	EndGlobalSection
EndGlobal
